{
  "name": "env-checker-strict",
  "version": "1.0.3",
  "lockfileVersion": 3,
  "requires": true,
  "packages": {
    "": {
      "name": "env-checker-strict",
      "version": "1.0.3",
      "license": "MIT",
      "dependencies": {
        "@types/yargs": "^17.0.33",
        "commander": "^11.0.0",
        "dotenv": "^16.3.1"
      },
      "bin": {
        "env-check-strict": "bin/env-checker-strict.js",
        "env-checker-strict": "bin/env-checker-strict.js"
      },
      "devDependencies": {
        "env-checker-strict": "^1.0.3"
      }
    },
    "node_modules/@types/yargs": {
      "version": "17.0.33",
      "resolved": "https://registry.npmjs.org/@types/yargs/-/yargs-17.0.33.tgz",
      "integrity": "sha512-WpxBCKWPLr4xSsHgz511rFJAM+wS28w2zEO1QDNY5zM/S8ok70NNfztH0xwhqKyaK0OHCbN98LDAZuy1ctxDkA==",
      "license": "MIT",
      "dependencies": {
        "@types/yargs-parser": "*"
      }
    },
    "node_modules/@types/yargs-parser": {
      "version": "21.0.3",
      "resolved": "https://registry.npmjs.org/@types/yargs-parser/-/yargs-parser-21.0.3.tgz",
      "integrity": "sha512-I4q9QU9MQv4oEOz4tAHJtNz1cwuLxn2F3xcc2iV5WdqLPpUnj30aUuxt1mAxYTG+oe8CZMV/+6rU4S4gRDzqtQ==",
      "license": "MIT"
    },
    "node_modules/commander": {
      "version": "11.1.0",
      "resolved": "https://registry.npmjs.org/commander/-/commander-11.1.0.tgz",
      "integrity": "sha512-yPVavfyCcRhmorC7rWlkHn15b4wDVgVmBA7kV4QVBsF7kv/9TKJAbAXVTxvTnwP8HHKjRCJDClKbciiYS7p0DQ==",
      "license": "MIT",
      "engines": {
        "node": ">=16"
      }
    },
    "node_modules/dotenv": {
      "version": "16.4.7",
      "resolved": "https://registry.npmjs.org/dotenv/-/dotenv-16.4.7.tgz",
      "integrity": "sha512-47qPchRCykZC03FhkYAhrvwU4xDBFIj1QPqaarj6mdM/hgUzfPHcpkHJOn3mJAufFeeAxAzeGsr5X0M4k6fLZQ==",
      "license": "BSD-2-Clause",
      "engines": {
        "node": ">=12"
      },
      "funding": {
        "url": "https://dotenvx.com"
      }
    },
    "node_modules/env-checker-strict": {
      "version": "1.0.3",
      "resolved": "https://registry.npmjs.org/env-checker-strict/-/env-checker-strict-1.0.3.tgz",
      "integrity": "sha512-FupgfLmb5+qWXw7S5s0qLOJorjtscqJaqgbP7W1bg26T3ArutROMOjSusn1X4lzcUIWXDD1PK/0t4EB4Gh2LiQ==",
      "dev": true,
      "license": "MIT",
      "dependencies": {
        "commander": "^11.0.0",
        "dotenv": "^16.3.1"
      },
      "bin": {
        "env-check-strict": "bin/env-checker-strict.js",
        "env-checker-strict": "bin/env-checker-strict.js"
      }
    }
  }
}
