{
  "name": "env-checker-strict",
  "version": "1.0.1",
  "lockfileVersion": 3,
  "requires": true,
  "packages": {
    "": {
      "name": "env-checker-strict",
      "version": "1.0.1",
      "license": "MIT",
      "dependencies": {
        "commander": "^11.0.0",
        "dotenv": "^16.3.1"
      },
      "bin": {
        "env-check-strict": "bin/env-checker-strict.js",
        "env-checker-strict": "bin/env-checker-strict.js"
      },
      "devDependencies": {
        "env-checker-strict": "^1.0.0"
      }
    },
    "node_modules/commander": {
      "version": "11.1.0",
      "resolved": "https://registry.npmjs.org/commander/-/commander-11.1.0.tgz",
      "integrity": "sha512-yPVavfyCcRhmorC7rWlkHn15b4wDVgVmBA7kV4QVBsF7kv/9TKJAbAXVTxvTnwP8HHKjRCJDClKbciiYS7p0DQ==",
      "license": "MIT",
      "engines": {
        "node": ">=16"
      }
    },
    "node_modules/dotenv": {
      "version": "16.4.7",
      "resolved": "https://registry.npmjs.org/dotenv/-/dotenv-16.4.7.tgz",
      "integrity": "sha512-47qPchRCykZC03FhkYAhrvwU4xDBFIj1QPqaarj6mdM/hgUzfPHcpkHJOn3mJAufFeeAxAzeGsr5X0M4k6fLZQ==",
      "license": "BSD-2-Clause",
      "engines": {
        "node": ">=12"
      },
      "funding": {
        "url": "https://dotenvx.com"
      }
    },
    "node_modules/env-checker-strict": {
      "version": "1.0.0",
      "resolved": "https://registry.npmjs.org/env-checker-strict/-/env-checker-strict-1.0.0.tgz",
      "integrity": "sha512-hP40PvMJGgpMmn/cEPcJ15Okh4L0m8InFRmEEvZf9c39Li1BhUFiEUkGpLVjzEKgxGu8dd/vGIK3vcb1N4SBuA==",
      "dev": true,
      "license": "MIT",
      "dependencies": {
        "commander": "^11.0.0",
        "dotenv": "^16.3.1"
      },
      "bin": {
        "env-check-strict": "bin/env-checker-strict.js",
        "env-checker-strict": "bin/env-checker-strict.js"
      }
    }
  }
}
